PODS:
  - boost-for-react-native (1.63.0)
  - CocoaAsyncSocket (7.6.3)
  - DoubleConversion (1.1.6)
  - Folly (2018.10.22.00):
    - boost-for-react-native
    - DoubleConversion
    - glog
  - glog (0.3.5)
  - JMSmartFTPUtils (1.0.2)
  - React (0.58.6):
    - React/Core (= 0.58.6)
  - react-native-ftp-jm (1.0.6):
    - CocoaAsyncSocket (= 7.6.3)
    - JMSmartFTPUtils (= 1.0.2)
    - React
  - React/ART (0.58.6):
    - React/Core
  - React/Core (0.58.6):
    - yoga (= 0.58.6.React)
  - React/CxxBridge (0.58.6):
    - Folly (= 2018.10.22.00)
    - React/Core
    - React/cxxreact
    - React/jsiexecutor
  - React/cxxreact (0.58.6):
    - boost-for-react-native (= 1.63.0)
    - DoubleConversion
    - Folly (= 2018.10.22.00)
    - glog
    - React/jsinspector
  - React/DevSupport (0.58.6):
    - React/Core
    - React/RCTWebSocket
  - React/fishhook (0.58.6)
  - React/jsi (0.58.6):
    - DoubleConversion
    - Folly (= 2018.10.22.00)
    - glog
  - React/jsiexecutor (0.58.6):
    - DoubleConversion
    - Folly (= 2018.10.22.00)
    - glog
    - React/cxxreact
    - React/jsi
  - React/jsinspector (0.58.6)
  - React/RCTActionSheet (0.58.6):
    - React/Core
  - React/RCTAnimation (0.58.6):
    - React/Core
  - React/RCTBlob (0.58.6):
    - React/Core
  - React/RCTCameraRoll (0.58.6):
    - React/Core
    - React/RCTImage
  - React/RCTGeolocation (0.58.6):
    - React/Core
  - React/RCTImage (0.58.6):
    - React/Core
    - React/RCTNetwork
  - React/RCTLinkingIOS (0.58.6):
    - React/Core
  - React/RCTNetwork (0.58.6):
    - React/Core
  - React/RCTPushNotification (0.58.6):
    - React/Core
  - React/RCTSettings (0.58.6):
    - React/Core
  - React/RCTText (0.58.6):
    - React/Core
  - React/RCTVibration (0.58.6):
    - React/Core
  - React/RCTWebSocket (0.58.6):
    - React/Core
    - React/fishhook
    - React/RCTBlob
  - RNGestureHandler (1.1.0):
    - React
  - yoga (0.58.6.React)

DEPENDENCIES:
  - CocoaAsyncSocket
  - DoubleConversion (from `../../../rn-lib/node_modules/react-native/third-party-podspecs/DoubleConversion.podspec`)
  - Folly (from `../../../rn-lib/node_modules/react-native/third-party-podspecs/Folly.podspec`)
  - glog (from `../../../rn-lib/node_modules/react-native/third-party-podspecs/glog.podspec`)
  - react-native-ftp-jm (from `../../../rn-lib/node_modules/react-native-ftp-jm/react-native-ftp-jm.podspec`)
  - React/ART (from `../../../rn-lib/node_modules/react-native`)
  - React/Core (from `../../../rn-lib/node_modules/react-native`)
  - React/CxxBridge (from `../../../rn-lib/node_modules/react-native`)
  - React/DevSupport (from `../../../rn-lib/node_modules/react-native`)
  - React/RCTActionSheet (from `../../../rn-lib/node_modules/react-native`)
  - React/RCTAnimation (from `../../../rn-lib/node_modules/react-native`)
  - React/RCTBlob (from `../../../rn-lib/node_modules/react-native`)
  - React/RCTCameraRoll (from `../../../rn-lib/node_modules/react-native`)
  - React/RCTGeolocation (from `../../../rn-lib/node_modules/react-native`)
  - React/RCTImage (from `../../../rn-lib/node_modules/react-native`)
  - React/RCTLinkingIOS (from `../../../rn-lib/node_modules/react-native`)
  - React/RCTNetwork (from `../../../rn-lib/node_modules/react-native`)
  - React/RCTPushNotification (from `../../../rn-lib/node_modules/react-native`)
  - React/RCTSettings (from `../../../rn-lib/node_modules/react-native`)
  - React/RCTText (from `../../../rn-lib/node_modules/react-native`)
  - React/RCTVibration (from `../../../rn-lib/node_modules/react-native`)
  - React/RCTWebSocket (from `../../../rn-lib/node_modules/react-native`)
  - RNGestureHandler (from `../../../rn-lib/node_modules/react-native-gesture-handler`)
  - yoga (from `../../../rn-lib/node_modules/react-native/ReactCommon/yoga`)

SPEC REPOS:
  trunk:
    - boost-for-react-native
    - CocoaAsyncSocket
    - JMSmartFTPUtils

EXTERNAL SOURCES:
  DoubleConversion:
    :podspec: "../../../rn-lib/node_modules/react-native/third-party-podspecs/DoubleConversion.podspec"
  Folly:
    :podspec: "../../../rn-lib/node_modules/react-native/third-party-podspecs/Folly.podspec"
  glog:
    :podspec: "../../../rn-lib/node_modules/react-native/third-party-podspecs/glog.podspec"
  React:
    :path: "../../../rn-lib/node_modules/react-native"
  react-native-ftp-jm:
    :podspec: "../../../rn-lib/node_modules/react-native-ftp-jm/react-native-ftp-jm.podspec"
  RNGestureHandler:
    :path: "../../../rn-lib/node_modules/react-native-gesture-handler"
  yoga:
    :path: "../../../rn-lib/node_modules/react-native/ReactCommon/yoga"

SPEC CHECKSUMS:
  boost-for-react-native: 39c7adb57c4e60d6c5479dd8623128eb5b3f0f2c
  CocoaAsyncSocket: eafaa68a7e0ec99ead0a7b35015e0bf25d2c8987
  DoubleConversion: bb338842f62ab1d708ceb63ec3d999f0f3d98ecd
  Folly: de497beb10f102453a1afa9edbf8cf8a251890de
  glog: aefd1eb5dda2ab95ba0938556f34b98e2da3a60d
  JMSmartFTPUtils: be1e757c9faed0db3a768ad90ba34485cf09ae68
  React: f85504c211ebbb63cfa0512572e124b185a94de2
  react-native-ftp-jm: 0e7ed01277c1e9afa373ba765be95f481df0d03a
  RNGestureHandler: b65d391f4f570178d657b99a16ec99d09b8656b0
  yoga: 32d7ef1081951e9a35a4c72a7be797598b138a48

PODFILE CHECKSUM: 091b0654d4cdd0b8ee5ae7818f9142a64ad176b0

COCOAPODS: 1.10.0
