// !$*UTF8*$!
{
	archiveVersion = 1;
	classes = {
	};
	objectVersion = 46;
	objects = {

/* Begin PBXBuildFile section */
		AB1E248F243C1F1E0041CF0A /* JMFTPSyncFileManager.swift in Sources */ = {isa = PBXBuildFile; fileRef = AB1E2488243C1F1D0041CF0A /* JMFTPSyncFileManager.swift */; };
		AB1E2490243C1F1E0041CF0A /* JMFTPSyncFileTools.swift in Sources */ = {isa = PBXBuildFile; fileRef = AB1E2489243C1F1D0041CF0A /* JMFTPSyncFileTools.swift */; };
		AB1E2491243C1F1E0041CF0A /* JMCurl.framework in Frameworks */ = {isa = PBXBuildFile; fileRef = AB1E248A243C1F1D0041CF0A /* JMCurl.framework */; };
		AB1E2492243C1F1E0041CF0A /* JMFTPDownloadManager.swift in Sources */ = {isa = PBXBuildFile; fileRef = AB1E248B243C1F1D0041CF0A /* JMFTPDownloadManager.swift */; };
		AB1E2493243C1F1E0041CF0A /* JMFTPSyncFileManagerBridge.m in Sources */ = {isa = PBXBuildFile; fileRef = AB1E248C243C1F1D0041CF0A /* JMFTPSyncFileManagerBridge.m */; };
		AB1E2494243C1F1E0041CF0A /* JMUDPScoketManager.swift in Sources */ = {isa = PBXBuildFile; fileRef = AB1E248D243C1F1D0041CF0A /* JMUDPScoketManager.swift */; };
		AB1E2495243C1F1E0041CF0A /* JMUDPScoketManagerBridge.m in Sources */ = {isa = PBXBuildFile; fileRef = AB1E248E243C1F1E0041CF0A /* JMUDPScoketManagerBridge.m */; };
		D28AA6C16B397828F58F5E53 /* libPods-RNReactNativeFtpJm.a in Frameworks */ = {isa = PBXBuildFile; fileRef = 4D89AD42F467EC20F26992AA /* libPods-RNReactNativeFtpJm.a */; };
/* End PBXBuildFile section */

/* Begin PBXCopyFilesBuildPhase section */
		58B511D91A9E6C8500147676 /* CopyFiles */ = {
			isa = PBXCopyFilesBuildPhase;
			buildActionMask = 2147483647;
			dstPath = "include/$(PRODUCT_NAME)";
			dstSubfolderSpec = 16;
			files = (
			);
			runOnlyForDeploymentPostprocessing = 0;
		};
/* End PBXCopyFilesBuildPhase section */

/* Begin PBXFileReference section */
		134814201AA4EA6300B7C361 /* libRNReactNativeFtpJm.a */ = {isa = PBXFileReference; explicitFileType = archive.ar; includeInIndex = 0; path = libRNReactNativeFtpJm.a; sourceTree = BUILT_PRODUCTS_DIR; };
		4D89AD42F467EC20F26992AA /* libPods-RNReactNativeFtpJm.a */ = {isa = PBXFileReference; explicitFileType = archive.ar; includeInIndex = 0; path = "libPods-RNReactNativeFtpJm.a"; sourceTree = BUILT_PRODUCTS_DIR; };
		9FFADA15C80E62405FE8419C /* Pods-RNReactNativeFtpJm.release.xcconfig */ = {isa = PBXFileReference; includeInIndex = 1; lastKnownFileType = text.xcconfig; name = "Pods-RNReactNativeFtpJm.release.xcconfig"; path = "Target Support Files/Pods-RNReactNativeFtpJm/Pods-RNReactNativeFtpJm.release.xcconfig"; sourceTree = "<group>"; };
		A7A6292077770B814885A384 /* Pods-RNReactNativeFtpJm.debug.xcconfig */ = {isa = PBXFileReference; includeInIndex = 1; lastKnownFileType = text.xcconfig; name = "Pods-RNReactNativeFtpJm.debug.xcconfig"; path = "Target Support Files/Pods-RNReactNativeFtpJm/Pods-RNReactNativeFtpJm.debug.xcconfig"; sourceTree = "<group>"; };
		AB1E2488243C1F1D0041CF0A /* JMFTPSyncFileManager.swift */ = {isa = PBXFileReference; fileEncoding = 4; lastKnownFileType = sourcecode.swift; path = JMFTPSyncFileManager.swift; sourceTree = "<group>"; };
		AB1E2489243C1F1D0041CF0A /* JMFTPSyncFileTools.swift */ = {isa = PBXFileReference; fileEncoding = 4; lastKnownFileType = sourcecode.swift; path = JMFTPSyncFileTools.swift; sourceTree = "<group>"; };
		AB1E248A243C1F1D0041CF0A /* JMCurl.framework */ = {isa = PBXFileReference; lastKnownFileType = wrapper.framework; path = JMCurl.framework; sourceTree = "<group>"; };
		AB1E248B243C1F1D0041CF0A /* JMFTPDownloadManager.swift */ = {isa = PBXFileReference; fileEncoding = 4; lastKnownFileType = sourcecode.swift; path = JMFTPDownloadManager.swift; sourceTree = "<group>"; };
		AB1E248C243C1F1D0041CF0A /* JMFTPSyncFileManagerBridge.m */ = {isa = PBXFileReference; fileEncoding = 4; lastKnownFileType = sourcecode.c.objc; path = JMFTPSyncFileManagerBridge.m; sourceTree = "<group>"; };
		AB1E248D243C1F1D0041CF0A /* JMUDPScoketManager.swift */ = {isa = PBXFileReference; fileEncoding = 4; lastKnownFileType = sourcecode.swift; path = JMUDPScoketManager.swift; sourceTree = "<group>"; };
		AB1E248E243C1F1E0041CF0A /* JMUDPScoketManagerBridge.m */ = {isa = PBXFileReference; fileEncoding = 4; lastKnownFileType = sourcecode.c.objc; path = JMUDPScoketManagerBridge.m; sourceTree = "<group>"; };
/* End PBXFileReference section */

/* Begin PBXFrameworksBuildPhase section */
		58B511D81A9E6C8500147676 /* Frameworks */ = {
			isa = PBXFrameworksBuildPhase;
			buildActionMask = 2147483647;
			files = (
				AB1E2491243C1F1E0041CF0A /* JMCurl.framework in Frameworks */,
				D28AA6C16B397828F58F5E53 /* libPods-RNReactNativeFtpJm.a in Frameworks */,
			);
			runOnlyForDeploymentPostprocessing = 0;
		};
/* End PBXFrameworksBuildPhase section */

/* Begin PBXGroup section */
		134814211AA4EA7D00B7C361 /* Products */ = {
			isa = PBXGroup;
			children = (
				134814201AA4EA6300B7C361 /* libRNReactNativeFtpJm.a */,
			);
			name = Products;
			sourceTree = "<group>";
		};
		2F0B96FB58CB90858D9A32A5 /* Frameworks */ = {
			isa = PBXGroup;
			children = (
				4D89AD42F467EC20F26992AA /* libPods-RNReactNativeFtpJm.a */,
			);
			name = Frameworks;
			sourceTree = "<group>";
		};
		58B511D21A9E6C8500147676 = {
			isa = PBXGroup;
			children = (
				AB1E248A243C1F1D0041CF0A /* JMCurl.framework */,
				AB1E248B243C1F1D0041CF0A /* JMFTPDownloadManager.swift */,
				AB1E2488243C1F1D0041CF0A /* JMFTPSyncFileManager.swift */,
				AB1E248C243C1F1D0041CF0A /* JMFTPSyncFileManagerBridge.m */,
				AB1E2489243C1F1D0041CF0A /* JMFTPSyncFileTools.swift */,
				AB1E248D243C1F1D0041CF0A /* JMUDPScoketManager.swift */,
				AB1E248E243C1F1E0041CF0A /* JMUDPScoketManagerBridge.m */,
				134814211AA4EA7D00B7C361 /* Products */,
				DF7DB7C6A5E5EC37C5C4FF07 /* Pods */,
				2F0B96FB58CB90858D9A32A5 /* Frameworks */,
			);
			sourceTree = "<group>";
		};
		DF7DB7C6A5E5EC37C5C4FF07 /* Pods */ = {
			isa = PBXGroup;
			children = (
				A7A6292077770B814885A384 /* Pods-RNReactNativeFtpJm.debug.xcconfig */,
				9FFADA15C80E62405FE8419C /* Pods-RNReactNativeFtpJm.release.xcconfig */,
			);
			name = Pods;
			path = Pods;
			sourceTree = "<group>";
		};
/* End PBXGroup section */

/* Begin PBXNativeTarget section */
		58B511DA1A9E6C8500147676 /* RNReactNativeFtpJm */ = {
			isa = PBXNativeTarget;
			buildConfigurationList = 58B511EF1A9E6C8500147676 /* Build configuration list for PBXNativeTarget "RNReactNativeFtpJm" */;
			buildPhases = (
				367E01782E13315A0F632064 /* [CP] Check Pods Manifest.lock */,
				58B511D71A9E6C8500147676 /* Sources */,
				58B511D81A9E6C8500147676 /* Frameworks */,
				58B511D91A9E6C8500147676 /* CopyFiles */,
			);
			buildRules = (
			);
			dependencies = (
			);
			name = RNReactNativeFtpJm;
			productName = RCTDataManager;
			productReference = 134814201AA4EA6300B7C361 /* libRNReactNativeFtpJm.a */;
			productType = "com.apple.product-type.library.static";
		};
/* End PBXNativeTarget section */

/* Begin PBXProject section */
		58B511D31A9E6C8500147676 /* Project object */ = {
			isa = PBXProject;
			attributes = {
				LastUpgradeCheck = 0830;
				ORGANIZATIONNAME = Facebook;
				TargetAttributes = {
					58B511DA1A9E6C8500147676 = {
						CreatedOnToolsVersion = 6.1.1;
						LastSwiftMigration = 1110;
					};
				};
			};
			buildConfigurationList = 58B511D61A9E6C8500147676 /* Build configuration list for PBXProject "RNReactNativeFtpJm" */;
			compatibilityVersion = "Xcode 3.2";
			developmentRegion = English;
			hasScannedForEncodings = 0;
			knownRegions = (
				English,
				en,
			);
			mainGroup = 58B511D21A9E6C8500147676;
			productRefGroup = 58B511D21A9E6C8500147676;
			projectDirPath = "";
			projectRoot = "";
			targets = (
				58B511DA1A9E6C8500147676 /* RNReactNativeFtpJm */,
			);
		};
/* End PBXProject section */

/* Begin PBXShellScriptBuildPhase section */
		367E01782E13315A0F632064 /* [CP] Check Pods Manifest.lock */ = {
			isa = PBXShellScriptBuildPhase;
			buildActionMask = 2147483647;
			files = (
			);
			inputFileListPaths = (
			);
			inputPaths = (
				"${PODS_PODFILE_DIR_PATH}/Podfile.lock",
				"${PODS_ROOT}/Manifest.lock",
			);
			name = "[CP] Check Pods Manifest.lock";
			outputFileListPaths = (
			);
			outputPaths = (
				"$(DERIVED_FILE_DIR)/Pods-RNReactNativeFtpJm-checkManifestLockResult.txt",
			);
			runOnlyForDeploymentPostprocessing = 0;
			shellPath = /bin/sh;
			shellScript = "diff \"${PODS_PODFILE_DIR_PATH}/Podfile.lock\" \"${PODS_ROOT}/Manifest.lock\" > /dev/null\nif [ $? != 0 ] ; then\n    # print error to STDERR\n    echo \"error: The sandbox is not in sync with the Podfile.lock. Run 'pod install' or update your CocoaPods installation.\" >&2\n    exit 1\nfi\n# This output is used by Xcode 'outputs' to avoid re-running this script phase.\necho \"SUCCESS\" > \"${SCRIPT_OUTPUT_FILE_0}\"\n";
			showEnvVarsInLog = 0;
		};
/* End PBXShellScriptBuildPhase section */

/* Begin PBXSourcesBuildPhase section */
		58B511D71A9E6C8500147676 /* Sources */ = {
			isa = PBXSourcesBuildPhase;
			buildActionMask = 2147483647;
			files = (
				AB1E2490243C1F1E0041CF0A /* JMFTPSyncFileTools.swift in Sources */,
				AB1E2493243C1F1E0041CF0A /* JMFTPSyncFileManagerBridge.m in Sources */,
				AB1E2495243C1F1E0041CF0A /* JMUDPScoketManagerBridge.m in Sources */,
				AB1E248F243C1F1E0041CF0A /* JMFTPSyncFileManager.swift in Sources */,
				AB1E2492243C1F1E0041CF0A /* JMFTPDownloadManager.swift in Sources */,
				AB1E2494243C1F1E0041CF0A /* JMUDPScoketManager.swift in Sources */,
			);
			runOnlyForDeploymentPostprocessing = 0;
		};
/* End PBXSourcesBuildPhase section */

/* Begin XCBuildConfiguration section */
		58B511ED1A9E6C8500147676 /* Debug */ = {
			isa = XCBuildConfiguration;
			buildSettings = {
				ALWAYS_SEARCH_USER_PATHS = NO;
				CLANG_CXX_LANGUAGE_STANDARD = "gnu++0x";
				CLANG_CXX_LIBRARY = "libc++";
				CLANG_ENABLE_MODULES = YES;
				CLANG_ENABLE_OBJC_ARC = YES;
				CLANG_WARN_BOOL_CONVERSION = YES;
				CLANG_WARN_CONSTANT_CONVERSION = YES;
				CLANG_WARN_DIRECT_OBJC_ISA_USAGE = YES_ERROR;
				CLANG_WARN_EMPTY_BODY = YES;
				CLANG_WARN_ENUM_CONVERSION = YES;
				CLANG_WARN_INFINITE_RECURSION = YES;
				CLANG_WARN_INT_CONVERSION = YES;
				CLANG_WARN_OBJC_ROOT_CLASS = YES_ERROR;
				CLANG_WARN_SUSPICIOUS_MOVE = YES;
				CLANG_WARN_UNREACHABLE_CODE = YES;
				CLANG_WARN__DUPLICATE_METHOD_MATCH = YES;
				COPY_PHASE_STRIP = NO;
				ENABLE_STRICT_OBJC_MSGSEND = YES;
				ENABLE_TESTABILITY = YES;
				GCC_C_LANGUAGE_STANDARD = gnu99;
				GCC_DYNAMIC_NO_PIC = NO;
				GCC_NO_COMMON_BLOCKS = YES;
				GCC_OPTIMIZATION_LEVEL = 0;
				GCC_PREPROCESSOR_DEFINITIONS = (
					"DEBUG=1",
					"$(inherited)",
				);
				GCC_SYMBOLS_PRIVATE_EXTERN = NO;
				GCC_WARN_64_TO_32_BIT_CONVERSION = YES;
				GCC_WARN_ABOUT_RETURN_TYPE = YES_ERROR;
				GCC_WARN_UNDECLARED_SELECTOR = YES;
				GCC_WARN_UNINITIALIZED_AUTOS = YES_AGGRESSIVE;
				GCC_WARN_UNUSED_FUNCTION = YES;
				GCC_WARN_UNUSED_VARIABLE = YES;
				IPHONEOS_DEPLOYMENT_TARGET = 8.0;
				MTL_ENABLE_DEBUG_INFO = YES;
				ONLY_ACTIVE_ARCH = YES;
				SDKROOT = iphoneos;
			};
			name = Debug;
		};
		58B511EE1A9E6C8500147676 /* Release */ = {
			isa = XCBuildConfiguration;
			buildSettings = {
				ALWAYS_SEARCH_USER_PATHS = NO;
				CLANG_CXX_LANGUAGE_STANDARD = "gnu++0x";
				CLANG_CXX_LIBRARY = "libc++";
				CLANG_ENABLE_MODULES = YES;
				CLANG_ENABLE_OBJC_ARC = YES;
				CLANG_WARN_BOOL_CONVERSION = YES;
				CLANG_WARN_CONSTANT_CONVERSION = YES;
				CLANG_WARN_DIRECT_OBJC_ISA_USAGE = YES_ERROR;
				CLANG_WARN_EMPTY_BODY = YES;
				CLANG_WARN_ENUM_CONVERSION = YES;
				CLANG_WARN_INFINITE_RECURSION = YES;
				CLANG_WARN_INT_CONVERSION = YES;
				CLANG_WARN_OBJC_ROOT_CLASS = YES_ERROR;
				CLANG_WARN_SUSPICIOUS_MOVE = YES;
				CLANG_WARN_UNREACHABLE_CODE = YES;
				CLANG_WARN__DUPLICATE_METHOD_MATCH = YES;
				COPY_PHASE_STRIP = YES;
				ENABLE_NS_ASSERTIONS = NO;
				ENABLE_STRICT_OBJC_MSGSEND = YES;
				GCC_C_LANGUAGE_STANDARD = gnu99;
				GCC_NO_COMMON_BLOCKS = YES;
				GCC_WARN_64_TO_32_BIT_CONVERSION = YES;
				GCC_WARN_ABOUT_RETURN_TYPE = YES_ERROR;
				GCC_WARN_UNDECLARED_SELECTOR = YES;
				GCC_WARN_UNINITIALIZED_AUTOS = YES_AGGRESSIVE;
				GCC_WARN_UNUSED_FUNCTION = YES;
				GCC_WARN_UNUSED_VARIABLE = YES;
				IPHONEOS_DEPLOYMENT_TARGET = 8.0;
				MTL_ENABLE_DEBUG_INFO = NO;
				SDKROOT = iphoneos;
				VALIDATE_PRODUCT = YES;
			};
			name = Release;
		};
		58B511F01A9E6C8500147676 /* Debug */ = {
			isa = XCBuildConfiguration;
			baseConfigurationReference = A7A6292077770B814885A384 /* Pods-RNReactNativeFtpJm.debug.xcconfig */;
			buildSettings = {
				CLANG_ENABLE_MODULES = YES;
				FRAMEWORK_SEARCH_PATHS = (
					"$(inherited)",
					"$(PROJECT_DIR)",
				);
				HEADER_SEARCH_PATHS = (
					"$(inherited)",
					/Applications/Xcode.app/Contents/Developer/Toolchains/XcodeDefault.xctoolchain/usr/include,
					"$(SRCROOT)/../../../React/**",
					"$(SRCROOT)/../../react-native/React/**",
				);
				LD_RUNPATH_SEARCH_PATHS = "$(inherited) @executable_path/Frameworks @loader_path/Frameworks";
				LIBRARY_SEARCH_PATHS = (
					"$(inherited)",
					"$(PROJECT_DIR)/FTPSyncFile/curl",
				);
				NEW_SETTING = "";
				OTHER_LDFLAGS = "-ObjC";
				PRODUCT_NAME = RNReactNativeFtpJm;
				SKIP_INSTALL = YES;
				SWIFT_OBJC_BRIDGING_HEADER = "RNReactNativeFtpJm-Bridging-Header.h";
				SWIFT_OPTIMIZATION_LEVEL = "-Onone";
				SWIFT_VERSION = 5.0;
			};
			name = Debug;
		};
		58B511F11A9E6C8500147676 /* Release */ = {
			isa = XCBuildConfiguration;
			baseConfigurationReference = 9FFADA15C80E62405FE8419C /* Pods-RNReactNativeFtpJm.release.xcconfig */;
			buildSettings = {
				CLANG_ENABLE_MODULES = YES;
				FRAMEWORK_SEARCH_PATHS = (
					"$(inherited)",
					"$(PROJECT_DIR)",
				);
				HEADER_SEARCH_PATHS = (
					"$(inherited)",
					/Applications/Xcode.app/Contents/Developer/Toolchains/XcodeDefault.xctoolchain/usr/include,
					"$(SRCROOT)/../../../React/**",
					"$(SRCROOT)/../../react-native/React/**",
				);
				LD_RUNPATH_SEARCH_PATHS = "$(inherited) @executable_path/Frameworks @loader_path/Frameworks";
				LIBRARY_SEARCH_PATHS = (
					"$(inherited)",
					"$(PROJECT_DIR)/FTPSyncFile/curl",
				);
				NEW_SETTING = "";
				OTHER_LDFLAGS = "-ObjC";
				PRODUCT_NAME = RNReactNativeFtpJm;
				SKIP_INSTALL = YES;
				SWIFT_OBJC_BRIDGING_HEADER = "RNReactNativeFtpJm-Bridging-Header.h";
				SWIFT_VERSION = 5.0;
			};
			name = Release;
		};
/* End XCBuildConfiguration section */

/* Begin XCConfigurationList section */
		58B511D61A9E6C8500147676 /* Build configuration list for PBXProject "RNReactNativeFtpJm" */ = {
			isa = XCConfigurationList;
			buildConfigurations = (
				58B511ED1A9E6C8500147676 /* Debug */,
				58B511EE1A9E6C8500147676 /* Release */,
			);
			defaultConfigurationIsVisible = 0;
			defaultConfigurationName = Release;
		};
		58B511EF1A9E6C8500147676 /* Build configuration list for PBXNativeTarget "RNReactNativeFtpJm" */ = {
			isa = XCConfigurationList;
			buildConfigurations = (
				58B511F01A9E6C8500147676 /* Debug */,
				58B511F11A9E6C8500147676 /* Release */,
			);
			defaultConfigurationIsVisible = 0;
			defaultConfigurationName = Release;
		};
/* End XCConfigurationList section */
	};
	rootObject = 58B511D31A9E6C8500147676 /* Project object */;
}
